<?xml version="1.0" encoding="utf-8"?>
<Project ToolsVersion="4.0" xmlns="http://schemas.microsoft.com/developer/msbuild/2003">
  <ItemGroup>
    <Filter Include="imgui">
      <UniqueIdentifier>{c89f66e4-902a-4520-9170-47f01f52aabf}</UniqueIdentifier>
    </Filter>
    <Filter Include="Engine">
      <UniqueIdentifier>{c7184d3a-8cef-4338-b064-a5e078aed37b}</UniqueIdentifier>
    </Filter>
    <Filter Include="Engine\Base">
      <UniqueIdentifier>{ab41dbaa-fe6c-4f85-9ee6-48fb8dee6ac4}</UniqueIdentifier>
    </Filter>
    <Filter Include="Engine\Math">
      <UniqueIdentifier>{1059f8f8-e1a3-440e-a2c2-7b86c5161c8c}</UniqueIdentifier>
    </Filter>
    <Filter Include="Engine\Utility">
      <UniqueIdentifier>{701a2eae-3594-43a2-9220-b29c3e62a389}</UniqueIdentifier>
    </Filter>
    <Filter Include="Engine\Math\Matrix">
      <UniqueIdentifier>{19c04e67-de8b-49f5-aaf5-240a23698dce}</UniqueIdentifier>
    </Filter>
    <Filter Include="Engine\Math\Vector">
      <UniqueIdentifier>{6f4301ab-b403-446b-97fe-70df93f808e7}</UniqueIdentifier>
    </Filter>
    <Filter Include="Engine\Object">
      <UniqueIdentifier>{4136f617-5b24-4452-ab9d-5bbb230b0b90}</UniqueIdentifier>
    </Filter>
    <Filter Include="Engine\Object\2D">
      <UniqueIdentifier>{1ca546b7-44f3-4ed4-993d-d07f0f62f1a4}</UniqueIdentifier>
    </Filter>
    <Filter Include="Engine\Object\3D">
      <UniqueIdentifier>{e423413f-b2e5-4a10-a398-dfbbe3b499d5}</UniqueIdentifier>
    </Filter>
    <Filter Include="Engine\Input">
      <UniqueIdentifier>{3e56b8f9-a00b-48db-a7e1-fdbaad4b0308}</UniqueIdentifier>
    </Filter>
    <Filter Include="Engine\Resource">
      <UniqueIdentifier>{67DA6AB6-F800-4c08-8B7A-83BB121AAD01}</UniqueIdentifier>
      <Extensions>rc;ico;cur;bmp;dlg;rc2;rct;bin;rgs;gif;jpg;jpeg;jpe;resx;tiff;tif;png;wav;mfcribbon-ms</Extensions>
    </Filter>
    <Filter Include="Engine\Resource\Shader">
      <UniqueIdentifier>{5dac0653-9de2-4c94-9a9b-085fe81edfc3}</UniqueIdentifier>
    </Filter>
    <Filter Include="Engine\Base\DXC">
      <UniqueIdentifier>{15cc69d5-aaca-48b9-a3b3-d44b4c3c21a5}</UniqueIdentifier>
    </Filter>
    <Filter Include="Engine\Resource\Shader\Object3d">
      <UniqueIdentifier>{bc5d5a4c-401a-403d-9d30-46be0c386d27}</UniqueIdentifier>
    </Filter>
    <Filter Include="Engine\Model">
      <UniqueIdentifier>{121f4272-1b8d-4009-a3ba-163591650b28}</UniqueIdentifier>
    </Filter>
    <Filter Include="Engine\Texture">
      <UniqueIdentifier>{448c0ea0-da40-4971-9084-3bfc615e740f}</UniqueIdentifier>
    </Filter>
    <Filter Include="Engine\Base\PSO">
      <UniqueIdentifier>{1cf5afa7-82b3-4c74-b4fa-810d14f31921}</UniqueIdentifier>
    </Filter>
    <Filter Include="Engine\ImGui">
      <UniqueIdentifier>{691b02ba-10e6-4ed4-a660-3c8724ea9b54}</UniqueIdentifier>
    </Filter>
    <Filter Include="Engine\Object\3D\Player">
      <UniqueIdentifier>{0ea88dc8-d5b7-4846-a598-666870d2d347}</UniqueIdentifier>
    </Filter>
    <Filter Include="Engine\Object\3D\Enemy">
      <UniqueIdentifier>{e29731cb-7025-45e1-87da-566868488f2f}</UniqueIdentifier>
    </Filter>
    <Filter Include="Engine\Object\3D\Plane">
      <UniqueIdentifier>{ae38bb94-d5dc-4cda-9916-e29721f363ea}</UniqueIdentifier>
    </Filter>
    <Filter Include="Engine\Shape">
      <UniqueIdentifier>{65b5b352-ecb3-417f-943a-8c17baf8e107}</UniqueIdentifier>
    </Filter>
    <Filter Include="Engine\Object\3D\FollowCamera">
      <UniqueIdentifier>{318430a9-fc6c-416c-aafb-1d4c8b8e4717}</UniqueIdentifier>
    </Filter>
    <Filter Include="Engine\Object\3D\Skydome">
      <UniqueIdentifier>{07149d7d-e728-4b0d-bfa6-7e7334235088}</UniqueIdentifier>
    </Filter>
  </ItemGroup>
  <ItemGroup>
    <ClCompile Include="externals\imgui\imgui.cpp">
      <Filter>imgui</Filter>
    </ClCompile>
    <ClCompile Include="externals\imgui\imgui_demo.cpp">
      <Filter>imgui</Filter>
    </ClCompile>
    <ClCompile Include="externals\imgui\imgui_draw.cpp">
      <Filter>imgui</Filter>
    </ClCompile>
    <ClCompile Include="externals\imgui\imgui_impl_dx12.cpp">
      <Filter>imgui</Filter>
    </ClCompile>
    <ClCompile Include="externals\imgui\imgui_impl_win32.cpp">
      <Filter>imgui</Filter>
    </ClCompile>
    <ClCompile Include="externals\imgui\imgui_tables.cpp">
      <Filter>imgui</Filter>
    </ClCompile>
    <ClCompile Include="externals\imgui\imgui_widgets.cpp">
      <Filter>imgui</Filter>
    </ClCompile>
    <ClCompile Include="Engine\base\DirectXCommon.cpp">
      <Filter>Engine\Base</Filter>
    </ClCompile>
    <ClCompile Include="Engine\base\WinApp.cpp">
      <Filter>Engine\Base</Filter>
    </ClCompile>
    <ClCompile Include="Engine\Utility\MyUtility.cpp">
      <Filter>Engine\Utility</Filter>
    </ClCompile>
    <ClCompile Include="Engine\Math\Matrix\Matrix3x3.cpp">
      <Filter>Engine\Math\Matrix</Filter>
    </ClCompile>
    <ClCompile Include="Engine\Math\Matrix\Matrix4x4.cpp">
      <Filter>Engine\Math\Matrix</Filter>
    </ClCompile>
    <ClCompile Include="Engine\Math\Vector\Vector2.cpp">
      <Filter>Engine\Math\Vector</Filter>
    </ClCompile>
    <ClCompile Include="Engine\Math\Vector\Vector3.cpp">
      <Filter>Engine\Math\Vector</Filter>
    </ClCompile>
    <ClCompile Include="Engine\Math\Vector\Vector4.cpp">
      <Filter>Engine\Math\Vector</Filter>
    </ClCompile>
    <ClCompile Include="Engine\Input\Input.cpp">
      <Filter>Engine\Input</Filter>
    </ClCompile>
    <ClCompile Include="main.cpp">
      <Filter>Engine</Filter>
    </ClCompile>
    <ClCompile Include="Engine\Base\DXC\DXC.cpp">
      <Filter>Engine\Base\DXC</Filter>
    </ClCompile>
    <ClCompile Include="Engine\Model\Model.cpp">
      <Filter>Engine\Model</Filter>
    </ClCompile>
    <ClCompile Include="Engine\Resource\Texture\TextureManager.cpp">
      <Filter>Engine\Texture</Filter>
    </ClCompile>
    <ClCompile Include="Engine\Base\PSO\PSO.cpp">
      <Filter>Engine\Base\PSO</Filter>
    </ClCompile>
    <ClCompile Include="Engine\ImGui\ImGuiManager.cpp">
      <Filter>Engine\ImGui</Filter>
    </ClCompile>
    <ClCompile Include="Engine\Object\ViewProjection.cpp">
      <Filter>Engine\Object</Filter>
    </ClCompile>
    <ClCompile Include="Engine\Object\IObject.cpp">
      <Filter>Engine\Object</Filter>
    </ClCompile>
    <ClCompile Include="Engine\Object\3D\Player\Player.cpp">
      <Filter>Engine\Object\3D\Player</Filter>
    </ClCompile>
    <ClCompile Include="Engine\Object\WorldTransform.cpp">
      <Filter>Engine\Object</Filter>
    </ClCompile>
    <ClCompile Include="Engine\Object\3D\BaseCharacter.cpp">
      <Filter>Engine\Object\3D</Filter>
    </ClCompile>
    <ClCompile Include="Engine\Object\3D\FollowCamera\FollowCamera.cpp">
      <Filter>Engine\Object\3D\FollowCamera</Filter>
    </ClCompile>
    <ClCompile Include="Engine\Object\3D\Skydome\Skydome.cpp">
      <Filter>Engine\Object\3D\Skydome</Filter>
    </ClCompile>
  </ItemGroup>
  <ItemGroup>
    <ClInclude Include="externals\imgui\imconfig.h">
      <Filter>imgui</Filter>
    </ClInclude>
    <ClInclude Include="externals\imgui\imgui.h">
      <Filter>imgui</Filter>
    </ClInclude>
    <ClInclude Include="externals\imgui\imgui_impl_dx12.h">
      <Filter>imgui</Filter>
    </ClInclude>
    <ClInclude Include="externals\imgui\imgui_impl_win32.h">
      <Filter>imgui</Filter>
    </ClInclude>
    <ClInclude Include="externals\imgui\imgui_internal.h">
      <Filter>imgui</Filter>
    </ClInclude>
    <ClInclude Include="externals\imgui\imstb_rectpack.h">
      <Filter>imgui</Filter>
    </ClInclude>
    <ClInclude Include="externals\imgui\imstb_textedit.h">
      <Filter>imgui</Filter>
    </ClInclude>
    <ClInclude Include="externals\imgui\imstb_truetype.h">
      <Filter>imgui</Filter>
    </ClInclude>
    <ClInclude Include="Engine\base\DirectXCommon.h">
      <Filter>Engine\Base</Filter>
    </ClInclude>
    <ClInclude Include="Engine\base\WinApp.h">
      <Filter>Engine\Base</Filter>
    </ClInclude>
    <ClInclude Include="Engine\Math\Math.h">
      <Filter>Engine\Math</Filter>
    </ClInclude>
    <ClInclude Include="Engine\Utility\MyUtility.h">
      <Filter>Engine\Utility</Filter>
    </ClInclude>
    <ClInclude Include="Engine\Math\Matrix\Matrix3x3.h">
      <Filter>Engine\Math\Matrix</Filter>
    </ClInclude>
    <ClInclude Include="Engine\Math\Matrix\Matrix4x4.h">
      <Filter>Engine\Math\Matrix</Filter>
    </ClInclude>
    <ClInclude Include="Engine\Math\Vector\Vector2.h">
      <Filter>Engine\Math\Vector</Filter>
    </ClInclude>
    <ClInclude Include="Engine\Math\Vector\Vector3.h">
      <Filter>Engine\Math\Vector</Filter>
    </ClInclude>
    <ClInclude Include="Engine\Math\Vector\Vector4.h">
      <Filter>Engine\Math\Vector</Filter>
    </ClInclude>
    <ClInclude Include="Engine\Math\MyConst.h">
      <Filter>Engine\Math</Filter>
    </ClInclude>
    <ClInclude Include="Engine\Input\Input.h">
      <Filter>Engine\Input</Filter>
    </ClInclude>
    <ClInclude Include="Engine\Base\DXC\DXC.h">
      <Filter>Engine\Base\DXC</Filter>
    </ClInclude>
    <ClInclude Include="Engine\Model\Model.h">
      <Filter>Engine\Model</Filter>
    </ClInclude>
    <ClInclude Include="Engine\Resource\Texture\TextureManager.h">
      <Filter>Engine\Texture</Filter>
    </ClInclude>
    <ClInclude Include="Engine\Base\PSO\PSO.h">
      <Filter>Engine\Base\PSO</Filter>
    </ClInclude>
    <ClInclude Include="Engine\ImGui\ImGuiManager.h">
      <Filter>Engine\ImGui</Filter>
    </ClInclude>
    <ClInclude Include="Engine\Object\ViewProjection.h">
      <Filter>Engine\Object</Filter>
    </ClInclude>
    <ClInclude Include="Engine\Object\IObject.h">
      <Filter>Engine\Object</Filter>
    </ClInclude>
    <ClInclude Include="Engine\Shape\AABB.h">
      <Filter>Engine\Shape</Filter>
    </ClInclude>
    <ClInclude Include="Engine\Object\3D\Player\Player.h">
      <Filter>Engine\Object\3D\Player</Filter>
    </ClInclude>
    <ClInclude Include="Engine\Object\WorldTransform.h">
      <Filter>Engine\Object</Filter>
    </ClInclude>
    <ClInclude Include="Engine\Object\3D\BaseCharacter.h">
      <Filter>Engine\Object\3D</Filter>
    </ClInclude>
    <ClInclude Include="Engine\Object\3D\FollowCamera\FollowCamera.h">
      <Filter>Engine\Object\3D\FollowCamera</Filter>
    </ClInclude>
    <ClInclude Include="Engine\Object\3D\Skydome\Skydome.h">
      <Filter>Engine\Object\3D\Skydome</Filter>
    </ClInclude>
    <ClInclude Include="Engine\Object\3D\3dObjectList.h">
      <Filter>Engine\Object\3D</Filter>
    </ClInclude>
  </ItemGroup>
  <ItemGroup>
    <Text Include="externals\imgui\LICENSE.txt">
      <Filter>imgui</Filter>
    </Text>
  </ItemGroup>
  <ItemGroup>
    <None Include="resources\shaders\Object3d.VS.hlsl">
      <Filter>Engine\Resource\Shader\Object3d</Filter>
    </None>
    <None Include="resources\shaders\Object3d.hlsli">
      <Filter>Engine\Resource\Shader\Object3d</Filter>
    </None>
    <None Include="resources\shaders\Object3d.PS.hlsl">
      <Filter>Engine\Resource\Shader\Object3d</Filter>
    </None>
  </ItemGroup>
</Project>